// !$*UTF8*$!
{
	archiveVersion = 1;
	classes = {
	};
	objectVersion = 56;
	objects = {

/* Begin PBXBuildFile section */
		5EE724312ACEB6A40055BF75 /* bApp.swift in Sources */ = {isa = PBXBuildFile; fileRef = 5EE724302ACEB6A40055BF75 /* bApp.swift */; };
		5EE724332ACEB6A40055BF75 /* ContentView.swift in Sources */ = {isa = PBXBuildFile; fileRef = 5EE724322ACEB6A40055BF75 /* ContentView.swift */; };
		5EE724352ACEB6A50055BF75 /* Assets.xcassets in Resources */ = {isa = PBXBuildFile; fileRef = 5EE724342ACEB6A50055BF75 /* Assets.xcassets */; };
		5EE724382ACEB6A50055BF75 /* Preview Assets.xcassets in Resources */ = {isa = PBXBuildFile; fileRef = 5EE724372ACEB6A50055BF75 /* Preview Assets.xcassets */; };
		5EE724422ACEB6A60055BF75 /* bTests.swift in Sources */ = {isa = PBXBuildFile; fileRef = 5EE724412ACEB6A60055BF75 /* bTests.swift */; };
		5EE7244C2ACEB6A60055BF75 /* bUITests.swift in Sources */ = {isa = PBXBuildFile; fileRef = 5EE7244B2ACEB6A60055BF75 /* bUITests.swift */; };
		5EE7244E2ACEB6A60055BF75 /* bUITestsLaunchTests.swift in Sources */ = {isa = PBXBuildFile; fileRef = 5EE7244D2ACEB6A60055BF75 /* bUITestsLaunchTests.swift */; };
/* End PBXBuildFile section */

/* Begin PBXContainerItemProxy section */
		5EE7243E2ACEB6A60055BF75 /* PBXContainerItemProxy */ = {
			isa = PBXContainerItemProxy;
			containerPortal = 5EE724252ACEB6A40055BF75 /* Project object */;
			proxyType = 1;
			remoteGlobalIDString = 5EE7242C2ACEB6A40055BF75;
			remoteInfo = b;
		};
		5EE724482ACEB6A60055BF75 /* PBXContainerItemProxy */ = {
			isa = PBXContainerItemProxy;
			containerPortal = 5EE724252ACEB6A40055BF75 /* Project object */;
			proxyType = 1;
			remoteGlobalIDString = 5EE7242C2ACEB6A40055BF75;
			remoteInfo = b;
		};
/* End PBXContainerItemProxy section */

/* Begin PBXFileReference section */
		5EE7242D2ACEB6A40055BF75 /* b.app */ = {isa = PBXFileReference; explicitFileType = wrapper.application; includeInIndex = 0; path = b.app; sourceTree = BUILT_PRODUCTS_DIR; };
		5EE724302ACEB6A40055BF75 /* bApp.swift */ = {isa = PBXFileReference; lastKnownFileType = sourcecode.swift; path = bApp.swift; sourceTree = "<group>"; };
		5EE724322ACEB6A40055BF75 /* ContentView.swift */ = {isa = PBXFileReference; lastKnownFileType = sourcecode.swift; path = ContentView.swift; sourceTree = "<group>"; };
		5EE724342ACEB6A50055BF75 /* Assets.xcassets */ = {isa = PBXFileReference; lastKnownFileType = folder.assetcatalog; path = Assets.xcassets; sourceTree = "<group>"; };
		5EE724372ACEB6A50055BF75 /* Preview Assets.xcassets */ = {isa = PBXFileReference; lastKnownFileType = folder.assetcatalog; path = "Preview Assets.xcassets"; sourceTree = "<group>"; };
		5EE7243D2ACEB6A60055BF75 /* bTests.xctest */ = {isa = PBXFileReference; explicitFileType = wrapper.cfbundle; includeInIndex = 0; path = bTests.xctest; sourceTree = BUILT_PRODUCTS_DIR; };
		5EE724412ACEB6A60055BF75 /* bTests.swift */ = {isa = PBXFileReference; lastKnownFileType = sourcecode.swift; path = bTests.swift; sourceTree = "<group>"; };
		5EE724472ACEB6A60055BF75 /* bUITests.xctest */ = {isa = PBXFileReference; explicitFileType = wrapper.cfbundle; includeInIndex = 0; path = bUITests.xctest; sourceTree = BUILT_PRODUCTS_DIR; };
		5EE7244B2ACEB6A60055BF75 /* bUITests.swift */ = {isa = PBXFileReference; lastKnownFileType = sourcecode.swift; path = bUITests.swift; sourceTree = "<group>"; };
		5EE7244D2ACEB6A60055BF75 /* bUITestsLaunchTests.swift */ = {isa = PBXFileReference; lastKnownFileType = sourcecode.swift; path = bUITestsLaunchTests.swift; sourceTree = "<group>"; };
/* End PBXFileReference section */

/* Begin PBXFrameworksBuildPhase section */
		5EE7242A2ACEB6A40055BF75 /* Frameworks */ = {
			isa = PBXFrameworksBuildPhase;
			buildActionMask = 2147483647;
			files = (
			);
			runOnlyForDeploymentPostprocessing = 0;
		};
		5EE7243A2ACEB6A60055BF75 /* Frameworks */ = {
			isa = PBXFrameworksBuildPhase;
			buildActionMask = 2147483647;
			files = (
			);
			runOnlyForDeploymentPostprocessing = 0;
		};
		5EE724442ACEB6A60055BF75 /* Frameworks */ = {
			isa = PBXFrameworksBuildPhase;
			buildActionMask = 2147483647;
			files = (
			);
			runOnlyForDeploymentPostprocessing = 0;
		};
/* End PBXFrameworksBuildPhase section */

/* Begin PBXGroup section */
		5EE724242ACEB6A40055BF75 = {
			isa = PBXGroup;
			children = (
				5EE7242F2ACEB6A40055BF75 /* b */,
				5EE724402ACEB6A60055BF75 /* bTests */,
				5EE7244A2ACEB6A60055BF75 /* bUITests */,
				5EE7242E2ACEB6A40055BF75 /* Products */,
			);
			sourceTree = "<group>";
		};
		5EE7242E2ACEB6A40055BF75 /* Products */ = {
			isa = PBXGroup;
			children = (
				5EE7242D2ACEB6A40055BF75 /* b.app */,
				5EE7243D2ACEB6A60055BF75 /* bTests.xctest */,
				5EE724472ACEB6A60055BF75 /* bUITests.xctest */,
			);
			name = Products;
			sourceTree = "<group>";
		};
		5EE7242F2ACEB6A40055BF75 /* b */ = {
			isa = PBXGroup;
			children = (
				5EE724302ACEB6A40055BF75 /* bApp.swift */,
				5EE724322ACEB6A40055BF75 /* ContentView.swift */,
				5EE724342ACEB6A50055BF75 /* Assets.xcassets */,
				5EE724362ACEB6A50055BF75 /* Preview Content */,
			);
			path = b;
			sourceTree = "<group>";
		};
		5EE724362ACEB6A50055BF75 /* Preview Content */ = {
			isa = PBXGroup;
			children = (
				5EE724372ACEB6A50055BF75 /* Preview Assets.xcassets */,
			);
			path = "Preview Content";
			sourceTree = "<group>";
		};
		5EE724402ACEB6A60055BF75 /* bTests */ = {
			isa = PBXGroup;
			children = (
				5EE724412ACEB6A60055BF75 /* bTests.swift */,
			);
			path = bTests;
			sourceTree = "<group>";
		};
		5EE7244A2ACEB6A60055BF75 /* bUITests */ = {
			isa = PBXGroup;
			children = (
				5EE7244B2ACEB6A60055BF75 /* bUITests.swift */,
				5EE7244D2ACEB6A60055BF75 /* bUITestsLaunchTests.swift */,
			);
			path = bUITests;
			sourceTree = "<group>";
		};
/* End PBXGroup section */

/* Begin PBXNativeTarget section */
		5EE7242C2ACEB6A40055BF75 /* b */ = {
			isa = PBXNativeTarget;
			buildConfigurationList = 5EE724512ACEB6A60055BF75 /* Build configuration list for PBXNativeTarget "b" */;
			buildPhases = (
				5EE724292ACEB6A40055BF75 /* Sources */,
				5EE7242A2ACEB6A40055BF75 /* Frameworks */,
				5EE7242B2ACEB6A40055BF75 /* Resources */,
			);
			buildRules = (
			);
			dependencies = (
			);
			name = b;
			productName = b;
			productReference = 5EE7242D2ACEB6A40055BF75 /* b.app */;
			productType = "com.apple.product-type.application";
		};
		5EE7243C2ACEB6A60055BF75 /* bTests */ = {
			isa = PBXNativeTarget;
			buildConfigurationList = 5EE724542ACEB6A60055BF75 /* Build configuration list for PBXNativeTarget "bTests" */;
			buildPhases = (
				5EE724392ACEB6A60055BF75 /* Sources */,
				5EE7243A2ACEB6A60055BF75 /* Frameworks */,
				5EE7243B2ACEB6A60055BF75 /* Resources */,
			);
			buildRules = (
			);
			dependencies = (
				5EE7243F2ACEB6A60055BF75 /* PBXTargetDependency */,
			);
			name = bTests;
			productName = bTests;
			productReference = 5EE7243D2ACEB6A60055BF75 /* bTests.xctest */;
			productType = "com.apple.product-type.bundle.unit-test";
		};
		5EE724462ACEB6A60055BF75 /* bUITests */ = {
			isa = PBXNativeTarget;
			buildConfigurationList = 5EE724572ACEB6A60055BF75 /* Build configuration list for PBXNativeTarget "bUITests" */;
			buildPhases = (
				5EE724432ACEB6A60055BF75 /* Sources */,
				5EE724442ACEB6A60055BF75 /* Frameworks */,
				5EE724452ACEB6A60055BF75 /* Resources */,
			);
			buildRules = (
			);
			dependencies = (
				5EE724492ACEB6A60055BF75 /* PBXTargetDependency */,
			);
			name = bUITests;
			productName = bUITests;
			productReference = 5EE724472ACEB6A60055BF75 /* bUITests.xctest */;
			productType = "com.apple.product-type.bundle.ui-testing";
		};
/* End PBXNativeTarget section */

/* Begin PBXProject section */
		5EE724252ACEB6A40055BF75 /* Project object */ = {
			isa = PBXProject;
			attributes = {
				BuildIndependentTargetsInParallel = 1;
				LastSwiftUpdateCheck = 1500;
				LastUpgradeCheck = 1500;
				TargetAttributes = {
					5EE7242C2ACEB6A40055BF75 = {
						CreatedOnToolsVersion = 15.0;
					};
					5EE7243C2ACEB6A60055BF75 = {
						CreatedOnToolsVersion = 15.0;
						TestTargetID = 5EE7242C2ACEB6A40055BF75;
					};
					5EE724462ACEB6A60055BF75 = {
						CreatedOnToolsVersion = 15.0;
						TestTargetID = 5EE7242C2ACEB6A40055BF75;
					};
				};
			};
			buildConfigurationList = 5EE724282ACEB6A40055BF75 /* Build configuration list for PBXProject "b" */;
			compatibilityVersion = "Xcode 14.0";
			developmentRegion = en;
			hasScannedForEncodings = 0;
			knownRegions = (
				en,
				Base,
			);
			mainGroup = 5EE724242ACEB6A40055BF75;
			productRefGroup = 5EE7242E2ACEB6A40055BF75 /* Products */;
			projectDirPath = "";
			projectRoot = "";
			targets = (
				5EE7242C2ACEB6A40055BF75 /* b */,
				5EE7243C2ACEB6A60055BF75 /* bTests */,
				5EE724462ACEB6A60055BF75 /* bUITests */,
			);
		};
/* End PBXProject section */

/* Begin PBXResourcesBuildPhase section */
		5EE7242B2ACEB6A40055BF75 /* Resources */ = {
			isa = PBXResourcesBuildPhase;
			buildActionMask = 2147483647;
			files = (
				5EE724382ACEB6A50055BF75 /* Preview Assets.xcassets in Resources */,
				5EE724352ACEB6A50055BF75 /* Assets.xcassets in Resources */,
			);
			runOnlyForDeploymentPostprocessing = 0;
		};
		5EE7243B2ACEB6A60055BF75 /* Resources */ = {
			isa = PBXResourcesBuildPhase;
			buildActionMask = 2147483647;
			files = (
			);
			runOnlyForDeploymentPostprocessing = 0;
		};
		5EE724452ACEB6A60055BF75 /* Resources */ = {
			isa = PBXResourcesBuildPhase;
			buildActionMask = 2147483647;
			files = (
			);
			runOnlyForDeploymentPostprocessing = 0;
		};
/* End PBXResourcesBuildPhase section */

/* Begin PBXSourcesBuildPhase section */
		5EE724292ACEB6A40055BF75 /* Sources */ = {
			isa = PBXSourcesBuildPhase;
			buildActionMask = 2147483647;
			files = (
				5EE724332ACEB6A40055BF75 /* ContentView.swift in Sources */,
				5EE724312ACEB6A40055BF75 /* bApp.swift in Sources */,
			);
			runOnlyForDeploymentPostprocessing = 0;
		};
		5EE724392ACEB6A60055BF75 /* Sources */ = {
			isa = PBXSourcesBuildPhase;
			buildActionMask = 2147483647;
			files = (
				5EE724422ACEB6A60055BF75 /* bTests.swift in Sources */,
			);
			runOnlyForDeploymentPostprocessing = 0;
		};
		5EE724432ACEB6A60055BF75 /* Sources */ = {
			isa = PBXSourcesBuildPhase;
			buildActionMask = 2147483647;
			files = (
				5EE7244C2ACEB6A60055BF75 /* bUITests.swift in Sources */,
				5EE7244E2ACEB6A60055BF75 /* bUITestsLaunchTests.swift in Sources */,
			);
			runOnlyForDeploymentPostprocessing = 0;
		};
/* End PBXSourcesBuildPhase section */

/* Begin PBXTargetDependency section */
		5EE7243F2ACEB6A60055BF75 /* PBXTargetDependency */ = {
			isa = PBXTargetDependency;
			target = 5EE7242C2ACEB6A40055BF75 /* b */;
			targetProxy = 5EE7243E2ACEB6A60055BF75 /* PBXContainerItemProxy */;
		};
		5EE724492ACEB6A60055BF75 /* PBXTargetDependency */ = {
			isa = PBXTargetDependency;
			target = 5EE7242C2ACEB6A40055BF75 /* b */;
			targetProxy = 5EE724482ACEB6A60055BF75 /* PBXContainerItemProxy */;
		};
/* End PBXTargetDependency section */

/* Begin XCBuildConfiguration section */
		5EE7244F2ACEB6A60055BF75 /* Debug */ = {
			isa = XCBuildConfiguration;
			buildSettings = {
				ALWAYS_SEARCH_USER_PATHS = NO;
				ASSETCATALOG_COMPILER_GENERATE_SWIFT_ASSET_SYMBOL_EXTENSIONS = YES;
				CLANG_ANALYZER_NONNULL = YES;
				CLANG_ANALYZER_NUMBER_OBJECT_CONVERSION = YES_AGGRESSIVE;
				CLANG_CXX_LANGUAGE_STANDARD = "gnu++20";
				CLANG_ENABLE_MODULES = YES;
				CLANG_ENABLE_OBJC_ARC = YES;
				CLANG_ENABLE_OBJC_WEAK = YES;
				CLANG_WARN_BLOCK_CAPTURE_AUTORELEASING = YES;
				CLANG_WARN_BOOL_CONVERSION = YES;
				CLANG_WARN_COMMA = YES;
				CLANG_WARN_CONSTANT_CONVERSION = YES;
				CLANG_WARN_DEPRECATED_OBJC_IMPLEMENTATIONS = YES;
				CLANG_WARN_DIRECT_OBJC_ISA_USAGE = YES_ERROR;
				CLANG_WARN_DOCUMENTATION_COMMENTS = YES;
				CLANG_WARN_EMPTY_BODY = YES;
				CLANG_WARN_ENUM_CONVERSION = YES;
				CLANG_WARN_INFINITE_RECURSION = YES;
				CLANG_WARN_INT_CONVERSION = YES;
				CLANG_WARN_NON_LITERAL_NULL_CONVERSION = YES;
				CLANG_WARN_OBJC_IMPLICIT_RETAIN_SELF = YES;
				CLANG_WARN_OBJC_LITERAL_CONVERSION = YES;
				CLANG_WARN_OBJC_ROOT_CLASS = YES_ERROR;
				CLANG_WARN_QUOTED_INCLUDE_IN_FRAMEWORK_HEADER = YES;
				CLANG_WARN_RANGE_LOOP_ANALYSIS = YES;
				CLANG_WARN_STRICT_PROTOTYPES = YES;
				CLANG_WARN_SUSPICIOUS_MOVE = YES;
				CLANG_WARN_UNGUARDED_AVAILABILITY = YES_AGGRESSIVE;
				CLANG_WARN_UNREACHABLE_CODE = YES;
				CLANG_WARN__DUPLICATE_METHOD_MATCH = YES;
				COPY_PHASE_STRIP = NO;
				DEBUG_INFORMATION_FORMAT = dwarf;
				ENABLE_STRICT_OBJC_MSGSEND = YES;
				ENABLE_TESTABILITY = YES;
				ENABLE_USER_SCRIPT_SANDBOXING = YES;
				GCC_C_LANGUAGE_STANDARD = gnu17;
				GCC_DYNAMIC_NO_PIC = NO;
				GCC_NO_COMMON_BLOCKS = YES;
				GCC_OPTIMIZATION_LEVEL = 0;
				GCC_PREPROCESSOR_DEFINITIONS = (
					"DEBUG=1",
					"$(inherited)",
				);
				GCC_WARN_64_TO_32_BIT_CONVERSION = YES;
				GCC_WARN_ABOUT_RETURN_TYPE = YES_ERROR;
				GCC_WARN_UNDECLARED_SELECTOR = YES;
				GCC_WARN_UNINITIALIZED_AUTOS = YES_AGGRESSIVE;
				GCC_WARN_UNUSED_FUNCTION = YES;
				GCC_WARN_UNUSED_VARIABLE = YES;
				IPHONEOS_DEPLOYMENT_TARGET = 17.0;
				LOCALIZATION_PREFERS_STRING_CATALOGS = YES;
				MTL_ENABLE_DEBUG_INFO = INCLUDE_SOURCE;
				MTL_FAST_MATH = YES;
				ONLY_ACTIVE_ARCH = YES;
				SDKROOT = iphoneos;
				SWIFT_ACTIVE_COMPILATION_CONDITIONS = "DEBUG $(inherited)";
				SWIFT_OPTIMIZATION_LEVEL = "-Onone";
			};
			name = Debug;
		};
		5EE724502ACEB6A60055BF75 /* Release */ = {
			isa = XCBuildConfiguration;
			buildSettings = {
				ALWAYS_SEARCH_USER_PATHS = NO;
				ASSETCATALOG_COMPILER_GENERATE_SWIFT_ASSET_SYMBOL_EXTENSIONS = YES;
				CLANG_ANALYZER_NONNULL = YES;
				CLANG_ANALYZER_NUMBER_OBJECT_CONVERSION = YES_AGGRESSIVE;
				CLANG_CXX_LANGUAGE_STANDARD = "gnu++20";
				CLANG_ENABLE_MODULES = YES;
				CLANG_ENABLE_OBJC_ARC = YES;
				CLANG_ENABLE_OBJC_WEAK = YES;
				CLANG_WARN_BLOCK_CAPTURE_AUTORELEASING = YES;
				CLANG_WARN_BOOL_CONVERSION = YES;
				CLANG_WARN_COMMA = YES;
				CLANG_WARN_CONSTANT_CONVERSION = YES;
				CLANG_WARN_DEPRECATED_OBJC_IMPLEMENTATIONS = YES;
				CLANG_WARN_DIRECT_OBJC_ISA_USAGE = YES_ERROR;
				CLANG_WARN_DOCUMENTATION_COMMENTS = YES;
				CLANG_WARN_EMPTY_BODY = YES;
				CLANG_WARN_ENUM_CONVERSION = YES;
				CLANG_WARN_INFINITE_RECURSION = YES;
				CLANG_WARN_INT_CONVERSION = YES;
				CLANG_WARN_NON_LITERAL_NULL_CONVERSION = YES;
				CLANG_WARN_OBJC_IMPLICIT_RETAIN_SELF = YES;
				CLANG_WARN_OBJC_LITERAL_CONVERSION = YES;
				CLANG_WARN_OBJC_ROOT_CLASS = YES_ERROR;
				CLANG_WARN_QUOTED_INCLUDE_IN_FRAMEWORK_HEADER = YES;
				CLANG_WARN_RANGE_LOOP_ANALYSIS = YES;
				CLANG_WARN_STRICT_PROTOTYPES = YES;
				CLANG_WARN_SUSPICIOUS_MOVE = YES;
				CLANG_WARN_UNGUARDED_AVAILABILITY = YES_AGGRESSIVE;
				CLANG_WARN_UNREACHABLE_CODE = YES;
				CLANG_WARN__DUPLICATE_METHOD_MATCH = YES;
				COPY_PHASE_STRIP = NO;
				DEBUG_INFORMATION_FORMAT = "dwarf-with-dsym";
				ENABLE_NS_ASSERTIONS = NO;
				ENABLE_STRICT_OBJC_MSGSEND = YES;
				ENABLE_USER_SCRIPT_SANDBOXING = YES;
				GCC_C_LANGUAGE_STANDARD = gnu17;
				GCC_NO_COMMON_BLOCKS = YES;
				GCC_WARN_64_TO_32_BIT_CONVERSION = YES;
				GCC_WARN_ABOUT_RETURN_TYPE = YES_ERROR;
				GCC_WARN_UNDECLARED_SELECTOR = YES;
				GCC_WARN_UNINITIALIZED_AUTOS = YES_AGGRESSIVE;
				GCC_WARN_UNUSED_FUNCTION = YES;
				GCC_WARN_UNUSED_VARIABLE = YES;
				IPHONEOS_DEPLOYMENT_TARGET = 17.0;
				LOCALIZATION_PREFERS_STRING_CATALOGS = YES;
				MTL_ENABLE_DEBUG_INFO = NO;
				MTL_FAST_MATH = YES;
				SDKROOT = iphoneos;
				SWIFT_COMPILATION_MODE = wholemodule;
				VALIDATE_PRODUCT = YES;
			};
			name = Release;
		};
		5EE724522ACEB6A60055BF75 /* Debug */ = {
			isa = XCBuildConfiguration;
			buildSettings = {
				ASSETCATALOG_COMPILER_APPICON_NAME = AppIcon;
				ASSETCATALOG_COMPILER_GLOBAL_ACCENT_COLOR_NAME = AccentColor;
				CODE_SIGN_STYLE = Automatic;
				CURRENT_PROJECT_VERSION = 1;
				DEVELOPMENT_ASSET_PATHS = "\"b/Preview Content\"";
				ENABLE_PREVIEWS = YES;
				GENERATE_INFOPLIST_FILE = YES;
				INFOPLIST_KEY_UIApplicationSceneManifest_Generation = YES;
				INFOPLIST_KEY_UIApplicationSupportsIndirectInputEvents = YES;
				INFOPLIST_KEY_UILaunchScreen_Generation = YES;
				INFOPLIST_KEY_UISupportedInterfaceOrientations_iPad = "UIInterfaceOrientationPortrait UIInterfaceOrientationPortraitUpsideDown UIInterfaceOrientationLandscapeLeft UIInterfaceOrientationLandscapeRight";
				INFOPLIST_KEY_UISupportedInterfaceOrientations_iPhone = "UIInterfaceOrientationPortrait UIInterfaceOrientationLandscapeLeft UIInterfaceOrientationLandscapeRight";
				LD_RUNPATH_SEARCH_PATHS = (
					"$(inherited)",
					"@executable_path/Frameworks",
				);
				MARKETING_VERSION = 1.0;
				PRODUCT_BUNDLE_IDENTIFIER = d.b;
				PRODUCT_NAME = "$(TARGET_NAME)";
				SWIFT_EMIT_LOC_STRINGS = YES;
				SWIFT_VERSION = 5.0;
				TARGETED_DEVICE_FAMILY = "1,2";
			};
			name = Debug;
		};
		5EE724532ACEB6A60055BF75 /* Release */ = {
			isa = XCBuildConfiguration;
			buildSettings = {
				ASSETCATALOG_COMPILER_APPICON_NAME = AppIcon;
				ASSETCATALOG_COMPILER_GLOBAL_ACCENT_COLOR_NAME = AccentColor;
				CODE_SIGN_STYLE = Automatic;
				CURRENT_PROJECT_VERSION = 1;
				DEVELOPMENT_ASSET_PATHS = "\"b/Preview Content\"";
				ENABLE_PREVIEWS = YES;
				GENERATE_INFOPLIST_FILE = YES;
				INFOPLIST_KEY_UIApplicationSceneManifest_Generation = YES;
				INFOPLIST_KEY_UIApplicationSupportsIndirectInputEvents = YES;
				INFOPLIST_KEY_UILaunchScreen_Generation = YES;
				INFOPLIST_KEY_UISupportedInterfaceOrientations_iPad = "UIInterfaceOrientationPortrait UIInterfaceOrientationPortraitUpsideDown UIInterfaceOrientationLandscapeLeft UIInterfaceOrientationLandscapeRight";
				INFOPLIST_KEY_UISupportedInterfaceOrientations_iPhone = "UIInterfaceOrientationPortrait UIInterfaceOrientationLandscapeLeft UIInterfaceOrientationLandscapeRight";
				LD_RUNPATH_SEARCH_PATHS = (
					"$(inherited)",
					"@executable_path/Frameworks",
				);
				MARKETING_VERSION = 1.0;
				PRODUCT_BUNDLE_IDENTIFIER = d.b;
				PRODUCT_NAME = "$(TARGET_NAME)";
				SWIFT_EMIT_LOC_STRINGS = YES;
				SWIFT_VERSION = 5.0;
				TARGETED_DEVICE_FAMILY = "1,2";
			};
			name = Release;
		};
		5EE724552ACEB6A60055BF75 /* Debug */ = {
			isa = XCBuildConfiguration;
			buildSettings = {
				ALWAYS_EMBED_SWIFT_STANDARD_LIBRARIES = YES;
				BUNDLE_LOADER = "$(TEST_HOST)";
				CODE_SIGN_STYLE = Automatic;
				CURRENT_PROJECT_VERSION = 1;
				GENERATE_INFOPLIST_FILE = YES;
				IPHONEOS_DEPLOYMENT_TARGET = 17.0;
				MARKETING_VERSION = 1.0;
				PRODUCT_BUNDLE_IDENTIFIER = d.bTests;
				PRODUCT_NAME = "$(TARGET_NAME)";
				SWIFT_EMIT_LOC_STRINGS = NO;
				SWIFT_VERSION = 5.0;
				TARGETED_DEVICE_FAMILY = "1,2";
				TEST_HOST = "$(BUILT_PRODUCTS_DIR)/b.app/$(BUNDLE_EXECUTABLE_FOLDER_PATH)/b";
			};
			name = Debug;
		};
		5EE724562ACEB6A60055BF75 /* Release */ = {
			isa = XCBuildConfiguration;
			buildSettings = {
				ALWAYS_EMBED_SWIFT_STANDARD_LIBRARIES = YES;
				BUNDLE_LOADER = "$(TEST_HOST)";
				CODE_SIGN_STYLE = Automatic;
				CURRENT_PROJECT_VERSION = 1;
				GENERATE_INFOPLIST_FILE = YES;
				IPHONEOS_DEPLOYMENT_TARGET = 17.0;
				MARKETING_VERSION = 1.0;
				PRODUCT_BUNDLE_IDENTIFIER = d.bTests;
				PRODUCT_NAME = "$(TARGET_NAME)";
				SWIFT_EMIT_LOC_STRINGS = NO;
				SWIFT_VERSION = 5.0;
				TARGETED_DEVICE_FAMILY = "1,2";
				TEST_HOST = "$(BUILT_PRODUCTS_DIR)/b.app/$(BUNDLE_EXECUTABLE_FOLDER_PATH)/b";
			};
			name = Release;
		};
		5EE724582ACEB6A60055BF75 /* Debug */ = {
			isa = XCBuildConfiguration;
			buildSettings = {
				ALWAYS_EMBED_SWIFT_STANDARD_LIBRARIES = YES;
				CODE_SIGN_STYLE = Automatic;
				CURRENT_PROJECT_VERSION = 1;
				GENERATE_INFOPLIST_FILE = YES;
				MARKETING_VERSION = 1.0;
				PRODUCT_BUNDLE_IDENTIFIER = d.bUITests;
				PRODUCT_NAME = "$(TARGET_NAME)";
				SWIFT_EMIT_LOC_STRINGS = NO;
				SWIFT_VERSION = 5.0;
				TARGETED_DEVICE_FAMILY = "1,2";
				TEST_TARGET_NAME = b;
			};
			name = Debug;
		};
		5EE724592ACEB6A60055BF75 /* Release */ = {
			isa = XCBuildConfiguration;
			buildSettings = {
				ALWAYS_EMBED_SWIFT_STANDARD_LIBRARIES = YES;
				CODE_SIGN_STYLE = Automatic;
				CURRENT_PROJECT_VERSION = 1;
				GENERATE_INFOPLIST_FILE = YES;
				MARKETING_VERSION = 1.0;
				PRODUCT_BUNDLE_IDENTIFIER = d.bUITests;
				PRODUCT_NAME = "$(TARGET_NAME)";
				SWIFT_EMIT_LOC_STRINGS = NO;
				SWIFT_VERSION = 5.0;
				TARGETED_DEVICE_FAMILY = "1,2";
				TEST_TARGET_NAME = b;
			};
			name = Release;
		};
/* End XCBuildConfiguration section */

/* Begin XCConfigurationList section */
		5EE724282ACEB6A40055BF75 /* Build configuration list for PBXProject "b" */ = {
			isa = XCConfigurationList;
			buildConfigurations = (
				5EE7244F2ACEB6A60055BF75 /* Debug */,
				5EE724502ACEB6A60055BF75 /* Release */,
			);
			defaultConfigurationIsVisible = 0;
			defaultConfigurationName = Release;
		};
		5EE724512ACEB6A60055BF75 /* Build configuration list for PBXNativeTarget "b" */ = {
			isa = XCConfigurationList;
			buildConfigurations = (
				5EE724522ACEB6A60055BF75 /* Debug */,
				5EE724532ACEB6A60055BF75 /* Release */,
			);
			defaultConfigurationIsVisible = 0;
			defaultConfigurationName = Release;
		};
		5EE724542ACEB6A60055BF75 /* Build configuration list for PBXNativeTarget "bTests" */ = {
			isa = XCConfigurationList;
			buildConfigurations = (
				5EE724552ACEB6A60055BF75 /* Debug */,
				5EE724562ACEB6A60055BF75 /* Release */,
			);
			defaultConfigurationIsVisible = 0;
			defaultConfigurationName = Release;
		};
		5EE724572ACEB6A60055BF75 /* Build configuration list for PBXNativeTarget "bUITests" */ = {
			isa = XCConfigurationList;
			buildConfigurations = (
				5EE724582ACEB6A60055BF75 /* Debug */,
				5EE724592ACEB6A60055BF75 /* Release */,
			);
			defaultConfigurationIsVisible = 0;
			defaultConfigurationName = Release;
		};
/* End XCConfigurationList section */
	};
	rootObject = 5EE724252ACEB6A40055BF75 /* Project object */;
}
